
Microsoft Visual Studio Solution File, Format Version 12.00
# Visual Studio 15
Project("{FAE04EC0-301F-11D3-BF4B-00C04F79EFBC}") = "UnityEngine.UI", "UnityEngine.UI.csproj", "{12F15689-3028-F3B9-4194-487842FB99E5}"
EndProject
Project("{FAE04EC0-301F-11D3-BF4B-00C04F79EFBC}") = "Assembly-CSharp", "Assembly-CSharp.csproj", "{57C8B2E8-329A-A4EB-07B0-92C9687B5A1F}"
EndProject
Project("{FAE04EC0-301F-11D3-BF4B-00C04F79EFBC}") = "UnityEditor.UI", "UnityEditor.UI.csproj", "{5EAFD0B6-D9FB-3E9B-0678-A24C30EDF2BF}"
EndProject
Project("{FAE04EC0-301F-11D3-BF4B-00C04F79EFBC}") = "Unity.2D.Sprite.Editor", "Unity.2D.Sprite.Editor.csproj", "{12272CD3-B852-2BEA-1AFB-AEA68E1D8A27}"
EndProject
Project("{FAE04EC0-301F-11D3-BF4B-00C04F79EFBC}") = "Unity.2D.Tilemap.Editor", "Unity.2D.Tilemap.Editor.csproj", "{76A7C7CB-1614-A722-FE35-2F35686ADF98}"
EndProject
Project("{FAE04EC0-301F-11D3-BF4B-00C04F79EFBC}") = "UnityEngine.UI", "UnityEngine.UI.Player.csproj", "{97C4B792-F725-2DCC-2C2F-0BCDDAD79E1A}"
EndProject
Project("{FAE04EC0-301F-11D3-BF4B-00C04F79EFBC}") = "Assembly-CSharp", "Assembly-CSharp.Player.csproj", "{07959CDD-3ACE-6FD3-5684-483FF03A5520}"
EndProject
Global
	GlobalSection(SolutionConfigurationPlatforms) = preSolution
		Debug|Any CPU = Debug|Any CPU
		Release|Any CPU = Release|Any CPU
	EndGlobalSection
	GlobalSection(ProjectConfigurationPlatforms) = postSolution
		{12F15689-3028-F3B9-4194-487842FB99E5}.Debug|Any CPU.ActiveCfg = Debug|Any CPU
		{12F15689-3028-F3B9-4194-487842FB99E5}.Debug|Any CPU.Build.0 = Debug|Any CPU
		{12F15689-3028-F3B9-4194-487842FB99E5}.Release|Any CPU.ActiveCfg = Release|Any CPU
		{12F15689-3028-F3B9-4194-487842FB99E5}.Release|Any CPU.Build.0 = Release|Any CPU
		{57C8B2E8-329A-A4EB-07B0-92C9687B5A1F}.Debug|Any CPU.ActiveCfg = Debug|Any CPU
		{57C8B2E8-329A-A4EB-07B0-92C9687B5A1F}.Debug|Any CPU.Build.0 = Debug|Any CPU
		{57C8B2E8-329A-A4EB-07B0-92C9687B5A1F}.Release|Any CPU.ActiveCfg = Release|Any CPU
		{57C8B2E8-329A-A4EB-07B0-92C9687B5A1F}.Release|Any CPU.Build.0 = Release|Any CPU
		{5EAFD0B6-D9FB-3E9B-0678-A24C30EDF2BF}.Debug|Any CPU.ActiveCfg = Debug|Any CPU
		{5EAFD0B6-D9FB-3E9B-0678-A24C30EDF2BF}.Debug|Any CPU.Build.0 = Debug|Any CPU
		{5EAFD0B6-D9FB-3E9B-0678-A24C30EDF2BF}.Release|Any CPU.ActiveCfg = Release|Any CPU
		{5EAFD0B6-D9FB-3E9B-0678-A24C30EDF2BF}.Release|Any CPU.Build.0 = Release|Any CPU
		{12272CD3-B852-2BEA-1AFB-AEA68E1D8A27}.Debug|Any CPU.ActiveCfg = Debug|Any CPU
		{12272CD3-B852-2BEA-1AFB-AEA68E1D8A27}.Debug|Any CPU.Build.0 = Debug|Any CPU
		{12272CD3-B852-2BEA-1AFB-AEA68E1D8A27}.Release|Any CPU.ActiveCfg = Release|Any CPU
		{12272CD3-B852-2BEA-1AFB-AEA68E1D8A27}.Release|Any CPU.Build.0 = Release|Any CPU
		{76A7C7CB-1614-A722-FE35-2F35686ADF98}.Debug|Any CPU.ActiveCfg = Debug|Any CPU
		{76A7C7CB-1614-A722-FE35-2F35686ADF98}.Debug|Any CPU.Build.0 = Debug|Any CPU
		{76A7C7CB-1614-A722-FE35-2F35686ADF98}.Release|Any CPU.ActiveCfg = Release|Any CPU
		{76A7C7CB-1614-A722-FE35-2F35686ADF98}.Release|Any CPU.Build.0 = Release|Any CPU
		{97C4B792-F725-2DCC-2C2F-0BCDDAD79E1A}.Debug|Any CPU.ActiveCfg = Debug|Any CPU
		{97C4B792-F725-2DCC-2C2F-0BCDDAD79E1A}.Debug|Any CPU.Build.0 = Debug|Any CPU
		{97C4B792-F725-2DCC-2C2F-0BCDDAD79E1A}.Release|Any CPU.ActiveCfg = Release|Any CPU
		{97C4B792-F725-2DCC-2C2F-0BCDDAD79E1A}.Release|Any CPU.Build.0 = Release|Any CPU
		{07959CDD-3ACE-6FD3-5684-483FF03A5520}.Debug|Any CPU.ActiveCfg = Debug|Any CPU
		{07959CDD-3ACE-6FD3-5684-483FF03A5520}.Debug|Any CPU.Build.0 = Debug|Any CPU
		{07959CDD-3ACE-6FD3-5684-483FF03A5520}.Release|Any CPU.ActiveCfg = Release|Any CPU
		{07959CDD-3ACE-6FD3-5684-483FF03A5520}.Release|Any CPU.Build.0 = Release|Any CPU
	EndGlobalSection
	GlobalSection(SolutionProperties) = preSolution
		HideSolutionNode = FALSE
	EndGlobalSection
EndGlobal
